// !$*UTF8*$!
{
	archiveVersion = 1;
	classes = {
	};
	objectVersion = 48;
	objects = {

/* Begin PBXBuildFile section */
		03CE8B451FBE50D60063FC0A /* AppDelegate.swift in Sources */ = {isa = PBXBuildFile; fileRef = 03CE8B441FBE50D60063FC0A /* AppDelegate.swift */; };
		03CE8B471FBE50D60063FC0A /* art.scnassets in Resources */ = {isa = PBXBuildFile; fileRef = 03CE8B461FBE50D60063FC0A /* art.scnassets */; };
		03CE8B491FBE50D60063FC0A /* ViewController.swift in Sources */ = {isa = PBXBuildFile; fileRef = 03CE8B481FBE50D60063FC0A /* ViewController.swift */; };
		03CE8B4C1FBE50D60063FC0A /* Main.storyboard in Resources */ = {isa = PBXBuildFile; fileRef = 03CE8B4A1FBE50D60063FC0A /* Main.storyboard */; };
		03CE8B4E1FBE50D60063FC0A /* Assets.xcassets in Resources */ = {isa = PBXBuildFile; fileRef = 03CE8B4D1FBE50D60063FC0A /* Assets.xcassets */; };
		03CE8B511FBE50D60063FC0A /* LaunchScreen.storyboard in Resources */ = {isa = PBXBuildFile; fileRef = 03CE8B4F1FBE50D60063FC0A /* LaunchScreen.storyboard */; };
		4CA081E4DAE85B6BF3C335A3 /* Pods_transantiago_ar.framework in Frameworks */ = {isa = PBXBuildFile; fileRef = 94E64FF294BF1B206D84BEF8 /* Pods_transantiago_ar.framework */; };
/* End PBXBuildFile section */

/* Begin PBXFileReference section */
		03CE8B411FBE50D60063FC0A /* transantiago-ar.app */ = {isa = PBXFileReference; explicitFileType = wrapper.application; includeInIndex = 0; path = "transantiago-ar.app"; sourceTree = BUILT_PRODUCTS_DIR; };
		03CE8B441FBE50D60063FC0A /* AppDelegate.swift */ = {isa = PBXFileReference; lastKnownFileType = sourcecode.swift; path = AppDelegate.swift; sourceTree = "<group>"; };
		03CE8B461FBE50D60063FC0A /* art.scnassets */ = {isa = PBXFileReference; lastKnownFileType = wrapper.scnassets; path = art.scnassets; sourceTree = "<group>"; };
		03CE8B481FBE50D60063FC0A /* ViewController.swift */ = {isa = PBXFileReference; lastKnownFileType = sourcecode.swift; path = ViewController.swift; sourceTree = "<group>"; };
		03CE8B4B1FBE50D60063FC0A /* Base */ = {isa = PBXFileReference; lastKnownFileType = file.storyboard; name = Base; path = Base.lproj/Main.storyboard; sourceTree = "<group>"; };
		03CE8B4D1FBE50D60063FC0A /* Assets.xcassets */ = {isa = PBXFileReference; lastKnownFileType = folder.assetcatalog; path = Assets.xcassets; sourceTree = "<group>"; };
		03CE8B501FBE50D60063FC0A /* Base */ = {isa = PBXFileReference; lastKnownFileType = file.storyboard; name = Base; path = Base.lproj/LaunchScreen.storyboard; sourceTree = "<group>"; };
		03CE8B521FBE50D60063FC0A /* Info.plist */ = {isa = PBXFileReference; lastKnownFileType = text.plist.xml; path = Info.plist; sourceTree = "<group>"; };
		41C58F698FAE31118EA8345B /* Pods-transantiago-ar.debug.xcconfig */ = {isa = PBXFileReference; includeInIndex = 1; lastKnownFileType = text.xcconfig; name = "Pods-transantiago-ar.debug.xcconfig"; path = "Pods/Target Support Files/Pods-transantiago-ar/Pods-transantiago-ar.debug.xcconfig"; sourceTree = "<group>"; };
		739D2CBAEC3135BE22087CE3 /* Pods-transantiago-ar.release.xcconfig */ = {isa = PBXFileReference; includeInIndex = 1; lastKnownFileType = text.xcconfig; name = "Pods-transantiago-ar.release.xcconfig"; path = "Pods/Target Support Files/Pods-transantiago-ar/Pods-transantiago-ar.release.xcconfig"; sourceTree = "<group>"; };
		94E64FF294BF1B206D84BEF8 /* Pods_transantiago_ar.framework */ = {isa = PBXFileReference; explicitFileType = wrapper.framework; includeInIndex = 0; path = Pods_transantiago_ar.framework; sourceTree = BUILT_PRODUCTS_DIR; };
/* End PBXFileReference section */

/* Begin PBXFrameworksBuildPhase section */
		03CE8B3E1FBE50D60063FC0A /* Frameworks */ = {
			isa = PBXFrameworksBuildPhase;
			buildActionMask = 2147483647;
			files = (
				4CA081E4DAE85B6BF3C335A3 /* Pods_transantiago_ar.framework in Frameworks */,
			);
			runOnlyForDeploymentPostprocessing = 0;
		};
/* End PBXFrameworksBuildPhase section */

/* Begin PBXGroup section */
		03CE8B381FBE50D60063FC0A = {
			isa = PBXGroup;
			children = (
				03CE8B431FBE50D60063FC0A /* transantiago-ar */,
				03CE8B421FBE50D60063FC0A /* Products */,
				3B6C4073C248F946FC91C22A /* Pods */,
				E12987E33E954408A2DB84A6 /* Frameworks */,
			);
			sourceTree = "<group>";
		};
		03CE8B421FBE50D60063FC0A /* Products */ = {
			isa = PBXGroup;
			children = (
				03CE8B411FBE50D60063FC0A /* transantiago-ar.app */,
			);
			name = Products;
			sourceTree = "<group>";
		};
		03CE8B431FBE50D60063FC0A /* transantiago-ar */ = {
			isa = PBXGroup;
			children = (
				03CE8B441FBE50D60063FC0A /* AppDelegate.swift */,
				03CE8B461FBE50D60063FC0A /* art.scnassets */,
				03CE8B481FBE50D60063FC0A /* ViewController.swift */,
				03CE8B4A1FBE50D60063FC0A /* Main.storyboard */,
				03CE8B4D1FBE50D60063FC0A /* Assets.xcassets */,
				03CE8B4F1FBE50D60063FC0A /* LaunchScreen.storyboard */,
				03CE8B521FBE50D60063FC0A /* Info.plist */,
			);
			path = "transantiago-ar";
			sourceTree = "<group>";
		};
		3B6C4073C248F946FC91C22A /* Pods */ = {
			isa = PBXGroup;
			children = (
				41C58F698FAE31118EA8345B /* Pods-transantiago-ar.debug.xcconfig */,
				739D2CBAEC3135BE22087CE3 /* Pods-transantiago-ar.release.xcconfig */,
			);
			name = Pods;
			sourceTree = "<group>";
		};
		E12987E33E954408A2DB84A6 /* Frameworks */ = {
			isa = PBXGroup;
			children = (
				94E64FF294BF1B206D84BEF8 /* Pods_transantiago_ar.framework */,
			);
			name = Frameworks;
			sourceTree = "<group>";
		};
/* End PBXGroup section */

/* Begin PBXNativeTarget section */
		03CE8B401FBE50D60063FC0A /* transantiago-ar */ = {
			isa = PBXNativeTarget;
			buildConfigurationList = 03CE8B551FBE50D60063FC0A /* Build configuration list for PBXNativeTarget "transantiago-ar" */;
			buildPhases = (
				370417D15B688458D4C1EC6C /* [CP] Check Pods Manifest.lock */,
				03CE8B3D1FBE50D60063FC0A /* Sources */,
				03CE8B3E1FBE50D60063FC0A /* Frameworks */,
				03CE8B3F1FBE50D60063FC0A /* Resources */,
				EDB3CEEA6C573F799C150EBB /* [CP] Embed Pods Frameworks */,
				69AA355DB778E4D73A5E7AB2 /* [CP] Copy Pods Resources */,
			);
			buildRules = (
			);
			dependencies = (
			);
			name = "transantiago-ar";
			productName = "transantiago-ar";
			productReference = 03CE8B411FBE50D60063FC0A /* transantiago-ar.app */;
			productType = "com.apple.product-type.application";
		};
/* End PBXNativeTarget section */

/* Begin PBXProject section */
		03CE8B391FBE50D60063FC0A /* Project object */ = {
			isa = PBXProject;
			attributes = {
				LastSwiftUpdateCheck = 0910;
				LastUpgradeCheck = 0910;
				ORGANIZATIONNAME = "Nicolás Gebauer";
				TargetAttributes = {
					03CE8B401FBE50D60063FC0A = {
						CreatedOnToolsVersion = 9.1;
						ProvisioningStyle = Automatic;
					};
				};
			};
			buildConfigurationList = 03CE8B3C1FBE50D60063FC0A /* Build configuration list for PBXProject "transantiago-ar" */;
			compatibilityVersion = "Xcode 8.0";
			developmentRegion = en;
			hasScannedForEncodings = 0;
			knownRegions = (
				en,
				Base,
			);
			mainGroup = 03CE8B381FBE50D60063FC0A;
			productRefGroup = 03CE8B421FBE50D60063FC0A /* Products */;
			projectDirPath = "";
			projectRoot = "";
			targets = (
				03CE8B401FBE50D60063FC0A /* transantiago-ar */,
			);
		};
/* End PBXProject section */

/* Begin PBXResourcesBuildPhase section */
		03CE8B3F1FBE50D60063FC0A /* Resources */ = {
			isa = PBXResourcesBuildPhase;
			buildActionMask = 2147483647;
			files = (
				03CE8B471FBE50D60063FC0A /* art.scnassets in Resources */,
				03CE8B511FBE50D60063FC0A /* LaunchScreen.storyboard in Resources */,
				03CE8B4E1FBE50D60063FC0A /* Assets.xcassets in Resources */,
				03CE8B4C1FBE50D60063FC0A /* Main.storyboard in Resources */,
			);
			runOnlyForDeploymentPostprocessing = 0;
		};
/* End PBXResourcesBuildPhase section */

/* Begin PBXShellScriptBuildPhase section */
		370417D15B688458D4C1EC6C /* [CP] Check Pods Manifest.lock */ = {
			isa = PBXShellScriptBuildPhase;
			buildActionMask = 2147483647;
			files = (
			);
			inputPaths = (
			);
			name = "[CP] Check Pods Manifest.lock";
			outputPaths = (
			);
			runOnlyForDeploymentPostprocessing = 0;
			shellPath = /bin/sh;
			shellScript = "diff \"${PODS_PODFILE_DIR_PATH}/Podfile.lock\" \"${PODS_ROOT}/Manifest.lock\" > /dev/null\nif [ $? != 0 ] ; then\n    # print error to STDERR\n    echo \"error: The sandbox is not in sync with the Podfile.lock. Run 'pod install' or update your CocoaPods installation.\" >&2\n    exit 1\nfi\n";
			showEnvVarsInLog = 0;
		};
		69AA355DB778E4D73A5E7AB2 /* [CP] Copy Pods Resources */ = {
			isa = PBXShellScriptBuildPhase;
			buildActionMask = 2147483647;
			files = (
			);
			inputPaths = (
			);
			name = "[CP] Copy Pods Resources";
			outputPaths = (
			);
			runOnlyForDeploymentPostprocessing = 0;
			shellPath = /bin/sh;
			shellScript = "\"${SRCROOT}/Pods/Target Support Files/Pods-transantiago-ar/Pods-transantiago-ar-resources.sh\"\n";
			showEnvVarsInLog = 0;
		};
		EDB3CEEA6C573F799C150EBB /* [CP] Embed Pods Frameworks */ = {
			isa = PBXShellScriptBuildPhase;
			buildActionMask = 2147483647;
			files = (
			);
			inputPaths = (
			);
			name = "[CP] Embed Pods Frameworks";
			outputPaths = (
			);
			runOnlyForDeploymentPostprocessing = 0;
			shellPath = /bin/sh;
			shellScript = "\"${SRCROOT}/Pods/Target Support Files/Pods-transantiago-ar/Pods-transantiago-ar-frameworks.sh\"\n";
			showEnvVarsInLog = 0;
		};
/* End PBXShellScriptBuildPhase section */

/* Begin PBXSourcesBuildPhase section */
		03CE8B3D1FBE50D60063FC0A /* Sources */ = {
			isa = PBXSourcesBuildPhase;
			buildActionMask = 2147483647;
			files = (
				03CE8B491FBE50D60063FC0A /* ViewController.swift in Sources */,
				03CE8B451FBE50D60063FC0A /* AppDelegate.swift in Sources */,
			);
			runOnlyForDeploymentPostprocessing = 0;
		};
/* End PBXSourcesBuildPhase section */

/* Begin PBXVariantGroup section */
		03CE8B4A1FBE50D60063FC0A /* Main.storyboard */ = {
			isa = PBXVariantGroup;
			children = (
				03CE8B4B1FBE50D60063FC0A /* Base */,
			);
			name = Main.storyboard;
			sourceTree = "<group>";
		};
		03CE8B4F1FBE50D60063FC0A /* LaunchScreen.storyboard */ = {
			isa = PBXVariantGroup;
			children = (
				03CE8B501FBE50D60063FC0A /* Base */,
			);
			name = LaunchScreen.storyboard;
			sourceTree = "<group>";
		};
/* End PBXVariantGroup section */

/* Begin XCBuildConfiguration section */
		03CE8B531FBE50D60063FC0A /* Debug */ = {
			isa = XCBuildConfiguration;
			buildSettings = {
				ALWAYS_SEARCH_USER_PATHS = NO;
				CLANG_ANALYZER_NONNULL = YES;
				CLANG_ANALYZER_NUMBER_OBJECT_CONVERSION = YES_AGGRESSIVE;
				CLANG_CXX_LANGUAGE_STANDARD = "gnu++14";
				CLANG_CXX_LIBRARY = "libc++";
				CLANG_ENABLE_MODULES = YES;
				CLANG_ENABLE_OBJC_ARC = YES;
				CLANG_WARN_BLOCK_CAPTURE_AUTORELEASING = YES;
				CLANG_WARN_BOOL_CONVERSION = YES;
				CLANG_WARN_COMMA = YES;
				CLANG_WARN_CONSTANT_CONVERSION = YES;
				CLANG_WARN_DIRECT_OBJC_ISA_USAGE = YES_ERROR;
				CLANG_WARN_DOCUMENTATION_COMMENTS = YES;
				CLANG_WARN_EMPTY_BODY = YES;
				CLANG_WARN_ENUM_CONVERSION = YES;
				CLANG_WARN_INFINITE_RECURSION = YES;
				CLANG_WARN_INT_CONVERSION = YES;
				CLANG_WARN_NON_LITERAL_NULL_CONVERSION = YES;
				CLANG_WARN_OBJC_LITERAL_CONVERSION = YES;
				CLANG_WARN_OBJC_ROOT_CLASS = YES_ERROR;
				CLANG_WARN_RANGE_LOOP_ANALYSIS = YES;
				CLANG_WARN_STRICT_PROTOTYPES = YES;
				CLANG_WARN_SUSPICIOUS_MOVE = YES;
				CLANG_WARN_UNGUARDED_AVAILABILITY = YES_AGGRESSIVE;
				CLANG_WARN_UNREACHABLE_CODE = YES;
				CLANG_WARN__DUPLICATE_METHOD_MATCH = YES;
				CODE_SIGN_IDENTITY = "iPhone Developer";
				COPY_PHASE_STRIP = NO;
				DEBUG_INFORMATION_FORMAT = dwarf;
				ENABLE_STRICT_OBJC_MSGSEND = YES;
				ENABLE_TESTABILITY = YES;
				GCC_C_LANGUAGE_STANDARD = gnu11;
				GCC_DYNAMIC_NO_PIC = NO;
				GCC_NO_COMMON_BLOCKS = YES;
				GCC_OPTIMIZATION_LEVEL = 0;
				GCC_PREPROCESSOR_DEFINITIONS = (
					"DEBUG=1",
					"$(inherited)",
				);
				GCC_WARN_64_TO_32_BIT_CONVERSION = YES;
				GCC_WARN_ABOUT_RETURN_TYPE = YES_ERROR;
				GCC_WARN_UNDECLARED_SELECTOR = YES;
				GCC_WARN_UNINITIALIZED_AUTOS = YES_AGGRESSIVE;
				GCC_WARN_UNUSED_FUNCTION = YES;
				GCC_WARN_UNUSED_VARIABLE = YES;
				IPHONEOS_DEPLOYMENT_TARGET = 11.1;
				MTL_ENABLE_DEBUG_INFO = YES;
				ONLY_ACTIVE_ARCH = YES;
				SDKROOT = iphoneos;
				SWIFT_ACTIVE_COMPILATION_CONDITIONS = DEBUG;
				SWIFT_OPTIMIZATION_LEVEL = "-Onone";
			};
			name = Debug;
		};
		03CE8B541FBE50D60063FC0A /* Release */ = {
			isa = XCBuildConfiguration;
			buildSettings = {
				ALWAYS_SEARCH_USER_PATHS = NO;
				CLANG_ANALYZER_NONNULL = YES;
				CLANG_ANALYZER_NUMBER_OBJECT_CONVERSION = YES_AGGRESSIVE;
				CLANG_CXX_LANGUAGE_STANDARD = "gnu++14";
				CLANG_CXX_LIBRARY = "libc++";
				CLANG_ENABLE_MODULES = YES;
				CLANG_ENABLE_OBJC_ARC = YES;
				CLANG_WARN_BLOCK_CAPTURE_AUTORELEASING = YES;
				CLANG_WARN_BOOL_CONVERSION = YES;
				CLANG_WARN_COMMA = YES;
				CLANG_WARN_CONSTANT_CONVERSION = YES;
				CLANG_WARN_DIRECT_OBJC_ISA_USAGE = YES_ERROR;
				CLANG_WARN_DOCUMENTATION_COMMENTS = YES;
				CLANG_WARN_EMPTY_BODY = YES;
				CLANG_WARN_ENUM_CONVERSION = YES;
				CLANG_WARN_INFINITE_RECURSION = YES;
				CLANG_WARN_INT_CONVERSION = YES;
				CLANG_WARN_NON_LITERAL_NULL_CONVERSION = YES;
				CLANG_WARN_OBJC_LITERAL_CONVERSION = YES;
				CLANG_WARN_OBJC_ROOT_CLASS = YES_ERROR;
				CLANG_WARN_RANGE_LOOP_ANALYSIS = YES;
				CLANG_WARN_STRICT_PROTOTYPES = YES;
				CLANG_WARN_SUSPICIOUS_MOVE = YES;
				CLANG_WARN_UNGUARDED_AVAILABILITY = YES_AGGRESSIVE;
				CLANG_WARN_UNREACHABLE_CODE = YES;
				CLANG_WARN__DUPLICATE_METHOD_MATCH = YES;
				CODE_SIGN_IDENTITY = "iPhone Developer";
				COPY_PHASE_STRIP = NO;
				DEBUG_INFORMATION_FORMAT = "dwarf-with-dsym";
				ENABLE_NS_ASSERTIONS = NO;
				ENABLE_STRICT_OBJC_MSGSEND = YES;
				GCC_C_LANGUAGE_STANDARD = gnu11;
				GCC_NO_COMMON_BLOCKS = YES;
				GCC_WARN_64_TO_32_BIT_CONVERSION = YES;
				GCC_WARN_ABOUT_RETURN_TYPE = YES_ERROR;
				GCC_WARN_UNDECLARED_SELECTOR = YES;
				GCC_WARN_UNINITIALIZED_AUTOS = YES_AGGRESSIVE;
				GCC_WARN_UNUSED_FUNCTION = YES;
				GCC_WARN_UNUSED_VARIABLE = YES;
				IPHONEOS_DEPLOYMENT_TARGET = 11.1;
				MTL_ENABLE_DEBUG_INFO = NO;
				SDKROOT = iphoneos;
				SWIFT_OPTIMIZATION_LEVEL = "-Owholemodule";
				VALIDATE_PRODUCT = YES;
			};
			name = Release;
		};
		03CE8B561FBE50D60063FC0A /* Debug */ = {
			isa = XCBuildConfiguration;
			baseConfigurationReference = 41C58F698FAE31118EA8345B /* Pods-transantiago-ar.debug.xcconfig */;
			buildSettings = {
				ASSETCATALOG_COMPILER_APPICON_NAME = AppIcon;
				CODE_SIGN_STYLE = Automatic;
				DEVELOPMENT_TEAM = BJJKE72WM4;
				INFOPLIST_FILE = "transantiago-ar/Info.plist";
				LD_RUNPATH_SEARCH_PATHS = "$(inherited) @executable_path/Frameworks";
				PRODUCT_BUNDLE_IDENTIFIER = "com.negebauer.transantiago-ar";
				PRODUCT_NAME = "$(TARGET_NAME)";
				SWIFT_VERSION = 4.0;
				TARGETED_DEVICE_FAMILY = "1,2";
			};
			name = Debug;
		};
		03CE8B571FBE50D60063FC0A /* Release */ = {
			isa = XCBuildConfiguration;
			baseConfigurationReference = 739D2CBAEC3135BE22087CE3 /* Pods-transantiago-ar.release.xcconfig */;
			buildSettings = {
				ASSETCATALOG_COMPILER_APPICON_NAME = AppIcon;
				CODE_SIGN_STYLE = Automatic;
				DEVELOPMENT_TEAM = BJJKE72WM4;
				INFOPLIST_FILE = "transantiago-ar/Info.plist";
				LD_RUNPATH_SEARCH_PATHS = "$(inherited) @executable_path/Frameworks";
				PRODUCT_BUNDLE_IDENTIFIER = "com.negebauer.transantiago-ar";
				PRODUCT_NAME = "$(TARGET_NAME)";
				SWIFT_VERSION = 4.0;
				TARGETED_DEVICE_FAMILY = "1,2";
			};
			name = Release;
		};
/* End XCBuildConfiguration section */

/* Begin XCConfigurationList section */
		03CE8B3C1FBE50D60063FC0A /* Build configuration list for PBXProject "transantiago-ar" */ = {
			isa = XCConfigurationList;
			buildConfigurations = (
				03CE8B531FBE50D60063FC0A /* Debug */,
				03CE8B541FBE50D60063FC0A /* Release */,
			);
			defaultConfigurationIsVisible = 0;
			defaultConfigurationName = Release;
		};
		03CE8B551FBE50D60063FC0A /* Build configuration list for PBXNativeTarget "transantiago-ar" */ = {
			isa = XCConfigurationList;
			buildConfigurations = (
				03CE8B561FBE50D60063FC0A /* Debug */,
				03CE8B571FBE50D60063FC0A /* Release */,
			);
			defaultConfigurationIsVisible = 0;
			defaultConfigurationName = Release;
		};
/* End XCConfigurationList section */
	};
	rootObject = 03CE8B391FBE50D60063FC0A /* Project object */;
}
